
Microsoft Visual Studio Solution File, Format Version 12.00
# Visual Studio Version 17
VisualStudioVersion = 17.7.34031.279
MinimumVisualStudioVersion = 10.0.40219.1
Project("{FAE04EC0-301F-11D3-BF4B-00C04F79EFBC}") = "LibraryAPI", "LibraryAPI\LibraryAPI.csproj", "{38C3D086-FCC6-47D2-8B9B-CCF9316C9C1C}"
EndProject
Global
	GlobalSection(SolutionConfigurationPlatforms) = preSolution
		Debug|Any CPU = Debug|Any CPU
		Release|Any CPU = Release|Any CPU
	EndGlobalSection
	GlobalSection(ProjectConfigurationPlatforms) = postSolution
		{38C3D086-FCC6-47D2-8B9B-CCF9316C9C1C}.Debug|Any CPU.ActiveCfg = Debug|Any CPU
		{38C3D086-FCC6-47D2-8B9B-CCF9316C9C1C}.Debug|Any CPU.Build.0 = Debug|Any CPU
		{38C3D086-FCC6-47D2-8B9B-CCF9316C9C1C}.Release|Any CPU.ActiveCfg = Release|Any CPU
		{38C3D086-FCC6-47D2-8B9B-CCF9316C9C1C}.Release|Any CPU.Build.0 = Release|Any CPU
	EndGlobalSection
	GlobalSection(SolutionProperties) = preSolution
		HideSolutionNode = FALSE
	EndGlobalSection
	GlobalSection(ExtensibilityGlobals) = postSolution
		SolutionGuid = {43964784-7EFE-4EAE-B039-B5413E27E222}
	EndGlobalSection
EndGlobal
